
Microsoft Visual Studio Solution File, Format Version 12.00
# Visual Studio Version 17
VisualStudioVersion = 17.11.35222.181
MinimumVisualStudioVersion = 10.0.40219.1
Project("{FAE04EC0-301F-11D3-BF4B-00C04F79EFBC}") = "boarding_mgt", "boarding_mgt\boarding_mgt.csproj", "{6E195B2D-3C8D-48C1-B009-E0D81CDBD81D}"
EndProject
Project("{2150E333-8FDC-42A3-9474-1A3956D46DE8}") = "API gateway", "API gateway", "{E907D0F6-26F4-4F6C-9291-71DCA7CC2350}"
EndProject
Project("{FAE04EC0-301F-11D3-BF4B-00C04F79EFBC}") = "WebAPI", "WebAPI\WebAPI.csproj", "{10060E79-F317-4C8F-9BCC-7BDA50AB3543}"
EndProject
Project("{2150E333-8FDC-42A3-9474-1A3956D46DE8}") = "Services", "Services", "{6607D697-CAD7-4CD0-9D79-696206AB6B9D}"
EndProject
Global
	GlobalSection(SolutionConfigurationPlatforms) = preSolution
		Debug|Any CPU = Debug|Any CPU
		Release|Any CPU = Release|Any CPU
	EndGlobalSection
	GlobalSection(ProjectConfigurationPlatforms) = postSolution
		{6E195B2D-3C8D-48C1-B009-E0D81CDBD81D}.Debug|Any CPU.ActiveCfg = Debug|Any CPU
		{6E195B2D-3C8D-48C1-B009-E0D81CDBD81D}.Debug|Any CPU.Build.0 = Debug|Any CPU
		{6E195B2D-3C8D-48C1-B009-E0D81CDBD81D}.Release|Any CPU.ActiveCfg = Release|Any CPU
		{6E195B2D-3C8D-48C1-B009-E0D81CDBD81D}.Release|Any CPU.Build.0 = Release|Any CPU
		{10060E79-F317-4C8F-9BCC-7BDA50AB3543}.Debug|Any CPU.ActiveCfg = Debug|Any CPU
		{10060E79-F317-4C8F-9BCC-7BDA50AB3543}.Debug|Any CPU.Build.0 = Debug|Any CPU
		{10060E79-F317-4C8F-9BCC-7BDA50AB3543}.Release|Any CPU.ActiveCfg = Release|Any CPU
		{10060E79-F317-4C8F-9BCC-7BDA50AB3543}.Release|Any CPU.Build.0 = Release|Any CPU
	EndGlobalSection
	GlobalSection(SolutionProperties) = preSolution
		HideSolutionNode = FALSE
	EndGlobalSection
	GlobalSection(NestedProjects) = preSolution
		{6E195B2D-3C8D-48C1-B009-E0D81CDBD81D} = {6607D697-CAD7-4CD0-9D79-696206AB6B9D}
		{10060E79-F317-4C8F-9BCC-7BDA50AB3543} = {E907D0F6-26F4-4F6C-9291-71DCA7CC2350}
	EndGlobalSection
	GlobalSection(ExtensibilityGlobals) = postSolution
		SolutionGuid = {76501CC1-8179-4264-959D-41978E2102BB}
	EndGlobalSection
EndGlobal
